
Microsoft Visual Studio Solution File, Format Version 12.00
# Visual Studio Version 17
VisualStudioVersion = 17.10.35027.167
MinimumVisualStudioVersion = 10.0.40219.1
Project("{FAE04EC0-301F-11D3-BF4B-00C04F79EFBC}") = "UserService.DAL", "UserService.DAL\UserService.DAL.csproj", "{18CE7E13-7FF9-4BB2-AAF1-EDD9DB42A972}"
EndProject
Project("{FAE04EC0-301F-11D3-BF4B-00C04F79EFBC}") = "UserService.BLL", "UserService.BLL\UserService.BLL.csproj", "{F389034D-CB1D-4FBE-8483-7658A4C023AF}"
EndProject
Project("{FAE04EC0-301F-11D3-BF4B-00C04F79EFBC}") = "UserService.PL", "UserService.PL\UserService.PL.csproj", "{C48AA984-C1E5-4858-8A54-DAAAAF0E305A}"
EndProject
Global
	GlobalSection(SolutionConfigurationPlatforms) = preSolution
		Debug|Any CPU = Debug|Any CPU
		Release|Any CPU = Release|Any CPU
	EndGlobalSection
	GlobalSection(ProjectConfigurationPlatforms) = postSolution
		{18CE7E13-7FF9-4BB2-AAF1-EDD9DB42A972}.Debug|Any CPU.ActiveCfg = Debug|Any CPU
		{18CE7E13-7FF9-4BB2-AAF1-EDD9DB42A972}.Debug|Any CPU.Build.0 = Debug|Any CPU
		{18CE7E13-7FF9-4BB2-AAF1-EDD9DB42A972}.Release|Any CPU.ActiveCfg = Release|Any CPU
		{18CE7E13-7FF9-4BB2-AAF1-EDD9DB42A972}.Release|Any CPU.Build.0 = Release|Any CPU
		{F389034D-CB1D-4FBE-8483-7658A4C023AF}.Debug|Any CPU.ActiveCfg = Debug|Any CPU
		{F389034D-CB1D-4FBE-8483-7658A4C023AF}.Debug|Any CPU.Build.0 = Debug|Any CPU
		{F389034D-CB1D-4FBE-8483-7658A4C023AF}.Release|Any CPU.ActiveCfg = Release|Any CPU
		{F389034D-CB1D-4FBE-8483-7658A4C023AF}.Release|Any CPU.Build.0 = Release|Any CPU
		{C48AA984-C1E5-4858-8A54-DAAAAF0E305A}.Debug|Any CPU.ActiveCfg = Debug|Any CPU
		{C48AA984-C1E5-4858-8A54-DAAAAF0E305A}.Debug|Any CPU.Build.0 = Debug|Any CPU
		{C48AA984-C1E5-4858-8A54-DAAAAF0E305A}.Release|Any CPU.ActiveCfg = Release|Any CPU
		{C48AA984-C1E5-4858-8A54-DAAAAF0E305A}.Release|Any CPU.Build.0 = Release|Any CPU
	EndGlobalSection
	GlobalSection(SolutionProperties) = preSolution
		HideSolutionNode = FALSE
	EndGlobalSection
	GlobalSection(ExtensibilityGlobals) = postSolution
		SolutionGuid = {1BC4650D-4BC5-47D1-AA97-1565AC9ED9C1}
	EndGlobalSection
EndGlobal
